
Microsoft Visual Studio Solution File, Format Version 12.00
# Visual Studio Version 16
VisualStudioVersion = 16.0.30717.126
MinimumVisualStudioVersion = 10.0.40219.1
Project("{2150E333-8FDC-42A3-9474-1A3956D46DE8}") = "src", "src", "{25C5254A-652E-41E8-99BE-E986AB70B70D}"
EndProject
Project("{2150E333-8FDC-42A3-9474-1A3956D46DE8}") = "PaymentGateway", "PaymentGateway", "{96BAA8CB-9D08-4851-B15B-F5FE20684113}"
EndProject
Project("{2150E333-8FDC-42A3-9474-1A3956D46DE8}") = "BuildingBlocks", "BuildingBlocks", "{C21CEA7E-DA1F-4A77-9164-82D3881E3A54}"
EndProject
Project("{2150E333-8FDC-42A3-9474-1A3956D46DE8}") = "Core", "Core", "{D4DE2D0B-6045-4A16-87B4-E963372135C4}"
EndProject
Project("{2150E333-8FDC-42A3-9474-1A3956D46DE8}") = "EventBus", "EventBus", "{64DDB82A-700C-4397-93EE-18811B07AD8F}"
EndProject
Project("{2150E333-8FDC-42A3-9474-1A3956D46DE8}") = "Api", "Api", "{F9DAF14F-03B6-4A13-B3B8-48CF41CA3FD8}"
EndProject
Project("{2150E333-8FDC-42A3-9474-1A3956D46DE8}") = "Application", "Application", "{F7BE643A-5AE6-4569-ADE7-2636188CC0DF}"
EndProject
Project("{2150E333-8FDC-42A3-9474-1A3956D46DE8}") = "Domain", "Domain", "{EE1A8635-156E-4810-A6BA-1B5E3E0A95EF}"
EndProject
Project("{2150E333-8FDC-42A3-9474-1A3956D46DE8}") = "Infrastructure", "Infrastructure", "{9B55C709-E359-492F-BD2A-B766974D11A8}"
EndProject
Project("{9A19103F-16F7-4668-BE54-9A1E7A4F7556}") = "Biplov.PaymentGatewayApi", "src\PaymentGateway\Api\Biplov.PaymentGatewayApi\Biplov.PaymentGatewayApi.csproj", "{E9FDD91C-74CA-4760-A2BD-F2910167E186}"
EndProject
Project("{E53339B2-1760-4266-BCC7-CA923CBCF16C}") = "docker-compose", "docker-compose.dcproj", "{7DD64814-C705-4B0E-BEB3-F53F899FAB2A}"
EndProject
Project("{9A19103F-16F7-4668-BE54-9A1E7A4F7556}") = "Biplov.PaymentGateway.Domain", "src\PaymentGateway\Domain\Biplov.PaymentGateway.Domain\Biplov.PaymentGateway.Domain.csproj", "{1F44F1CF-3352-4261-8A95-D96144638169}"
EndProject
Project("{9A19103F-16F7-4668-BE54-9A1E7A4F7556}") = "Biplov.Common.Core", "src\BuildingBlocks\Core\Biplov.Common.Core\Biplov.Common.Core.csproj", "{68AEC95E-C1B4-4378-B4BC-D76F51ADAADA}"
EndProject
Project("{2150E333-8FDC-42A3-9474-1A3956D46DE8}") = "MerchantIdentity", "MerchantIdentity", "{5CF4832F-327C-400D-8AC7-5B2109FB3A85}"
EndProject
Project("{2150E333-8FDC-42A3-9474-1A3956D46DE8}") = "Api", "Api", "{FB1A5CDE-32EA-4BBE-A891-80D52D7E7ABF}"
EndProject
Project("{2150E333-8FDC-42A3-9474-1A3956D46DE8}") = "Application", "Application", "{6CC0764C-FD18-473E-8661-BA5A9CCB0D1F}"
EndProject
Project("{2150E333-8FDC-42A3-9474-1A3956D46DE8}") = "Infrastructure", "Infrastructure", "{E21057F1-0FA4-4853-85BB-6CDA96909347}"
EndProject
Project("{2150E333-8FDC-42A3-9474-1A3956D46DE8}") = "Domain", "Domain", "{D8AFAAC8-D219-4AF0-BCD2-1A92C36EB6CB}"
EndProject
Project("{9A19103F-16F7-4668-BE54-9A1E7A4F7556}") = "Biplov.MerchantIdentityApi", "src\MerchantIdentity\Api\Biplov.MerchantIdentityApi\Biplov.MerchantIdentityApi.csproj", "{FA3409A3-F527-424E-8953-F5491FF505E6}"
EndProject
Project("{9A19103F-16F7-4668-BE54-9A1E7A4F7556}") = "Biplov.MerchantIdentity.Domain", "src\MerchantIdentity\Domain\Biplov.MerchantIdentity.Domain\Biplov.MerchantIdentity.Domain.csproj", "{9FFC64D4-BDB8-462F-B7E3-9BD9AB4BD312}"
EndProject
Project("{9A19103F-16F7-4668-BE54-9A1E7A4F7556}") = "Biplov.MerchantIdentity.Application", "src\MerchantIdentity\Application\Biplov.MerchantIdentity.Application\Biplov.MerchantIdentity.Application.csproj", "{92A9E20A-B25F-4A08-B168-39B0F10C3953}"
EndProject
Project("{9A19103F-16F7-4668-BE54-9A1E7A4F7556}") = "Biplov.MerchantIdentity.Infrastructure", "src\MerchantIdentity\Infrastructure\Biplov.MerchantIdentity.Infrastructure\Biplov.MerchantIdentity.Infrastructure.csproj", "{266B3290-0A3E-4B9D-8B5A-79DD73648AA9}"
EndProject
Project("{9A19103F-16F7-4668-BE54-9A1E7A4F7556}") = "Biplov.EventBus", "src\BuildingBlocks\EventBus\Biplov.EventBus\Biplov.EventBus.csproj", "{A7CD9596-50AF-41D4-B9F2-6D87DBFF8A07}"
EndProject
Project("{9A19103F-16F7-4668-BE54-9A1E7A4F7556}") = "Biplov.EventBus.RabbitMQ", "src\BuildingBlocks\EventBus\Biplov.EventBus.RabbitMQ\Biplov.EventBus.RabbitMQ.csproj", "{630A540F-10D5-4A10-BC77-24A2D68BF3B8}"
EndProject
Project("{9A19103F-16F7-4668-BE54-9A1E7A4F7556}") = "Biplov.PaymentGateway.Infrastructure", "src\PaymentGateway\Infrastructure\Biplov.PaymentGateway.Infrastructure\Biplov.PaymentGateway.Infrastructure.csproj", "{725E61B5-7D84-444D-A030-7CD8DE2C6744}"
EndProject
Project("{9A19103F-16F7-4668-BE54-9A1E7A4F7556}") = "Biplov.PaymentGateway.Application", "src\PaymentGateway\Application\Biplov.PaymentGateway.Application\Biplov.PaymentGateway.Application.csproj", "{0891A7D4-EFB7-447B-AD7B-9DCBA607FA9F}"
EndProject
Project("{2150E333-8FDC-42A3-9474-1A3956D46DE8}") = "Bank", "Bank", "{B1A89107-82AB-4942-9348-3FD5B22A6710}"
EndProject
Project("{9A19103F-16F7-4668-BE54-9A1E7A4F7556}") = "Biplov.BankService", "src\BuildingBlocks\Bank\Biplov.BankService\Biplov.BankService.csproj", "{4E76FF0F-99D1-4CD0-9DA9-958B88A38CE4}"
EndProject
Project("{9A19103F-16F7-4668-BE54-9A1E7A4F7556}") = "Biplov.MockBank", "src\BuildingBlocks\Bank\Biplov.MockBank\Biplov.MockBank.csproj", "{4C3BE23A-51A3-4855-ADC5-7572A01C0CCA}"
EndProject
Project("{2150E333-8FDC-42A3-9474-1A3956D46DE8}") = "RiskAnalysis", "RiskAnalysis", "{82238C85-E268-41B5-AB31-B3BB3A5B0A2A}"
EndProject
Project("{FAE04EC0-301F-11D3-BF4B-00C04F79EFBC}") = "Biplov.RiskAnalysis", "src\BuildingBlocks\RiskAnalysis\Biplov.RiskAnalysis\Biplov.RiskAnalysis.csproj", "{62A193FC-4A30-4B12-B987-FD78E442B27D}"
EndProject
Project("{FAE04EC0-301F-11D3-BF4B-00C04F79EFBC}") = "Biplov.MockRiskAnalysis", "..\Biplov.MockRiskAnalysis\Biplov.MockRiskAnalysis.csproj", "{80337D05-6830-46C0-9BDF-31335C6EB1E4}"
EndProject
Global
	GlobalSection(SolutionConfigurationPlatforms) = preSolution
		Debug|Any CPU = Debug|Any CPU
		Release|Any CPU = Release|Any CPU
	EndGlobalSection
	GlobalSection(ProjectConfigurationPlatforms) = postSolution
		{E9FDD91C-74CA-4760-A2BD-F2910167E186}.Debug|Any CPU.ActiveCfg = Debug|Any CPU
		{E9FDD91C-74CA-4760-A2BD-F2910167E186}.Debug|Any CPU.Build.0 = Debug|Any CPU
		{E9FDD91C-74CA-4760-A2BD-F2910167E186}.Release|Any CPU.ActiveCfg = Release|Any CPU
		{E9FDD91C-74CA-4760-A2BD-F2910167E186}.Release|Any CPU.Build.0 = Release|Any CPU
		{7DD64814-C705-4B0E-BEB3-F53F899FAB2A}.Debug|Any CPU.ActiveCfg = Debug|Any CPU
		{7DD64814-C705-4B0E-BEB3-F53F899FAB2A}.Debug|Any CPU.Build.0 = Debug|Any CPU
		{7DD64814-C705-4B0E-BEB3-F53F899FAB2A}.Release|Any CPU.ActiveCfg = Release|Any CPU
		{7DD64814-C705-4B0E-BEB3-F53F899FAB2A}.Release|Any CPU.Build.0 = Release|Any CPU
		{1F44F1CF-3352-4261-8A95-D96144638169}.Debug|Any CPU.ActiveCfg = Debug|Any CPU
		{1F44F1CF-3352-4261-8A95-D96144638169}.Debug|Any CPU.Build.0 = Debug|Any CPU
		{1F44F1CF-3352-4261-8A95-D96144638169}.Release|Any CPU.ActiveCfg = Release|Any CPU
		{1F44F1CF-3352-4261-8A95-D96144638169}.Release|Any CPU.Build.0 = Release|Any CPU
		{68AEC95E-C1B4-4378-B4BC-D76F51ADAADA}.Debug|Any CPU.ActiveCfg = Debug|Any CPU
		{68AEC95E-C1B4-4378-B4BC-D76F51ADAADA}.Debug|Any CPU.Build.0 = Debug|Any CPU
		{68AEC95E-C1B4-4378-B4BC-D76F51ADAADA}.Release|Any CPU.ActiveCfg = Release|Any CPU
		{68AEC95E-C1B4-4378-B4BC-D76F51ADAADA}.Release|Any CPU.Build.0 = Release|Any CPU
		{FA3409A3-F527-424E-8953-F5491FF505E6}.Debug|Any CPU.ActiveCfg = Debug|Any CPU
		{FA3409A3-F527-424E-8953-F5491FF505E6}.Debug|Any CPU.Build.0 = Debug|Any CPU
		{FA3409A3-F527-424E-8953-F5491FF505E6}.Release|Any CPU.ActiveCfg = Release|Any CPU
		{FA3409A3-F527-424E-8953-F5491FF505E6}.Release|Any CPU.Build.0 = Release|Any CPU
		{9FFC64D4-BDB8-462F-B7E3-9BD9AB4BD312}.Debug|Any CPU.ActiveCfg = Debug|Any CPU
		{9FFC64D4-BDB8-462F-B7E3-9BD9AB4BD312}.Debug|Any CPU.Build.0 = Debug|Any CPU
		{9FFC64D4-BDB8-462F-B7E3-9BD9AB4BD312}.Release|Any CPU.ActiveCfg = Release|Any CPU
		{9FFC64D4-BDB8-462F-B7E3-9BD9AB4BD312}.Release|Any CPU.Build.0 = Release|Any CPU
		{92A9E20A-B25F-4A08-B168-39B0F10C3953}.Debug|Any CPU.ActiveCfg = Debug|Any CPU
		{92A9E20A-B25F-4A08-B168-39B0F10C3953}.Debug|Any CPU.Build.0 = Debug|Any CPU
		{92A9E20A-B25F-4A08-B168-39B0F10C3953}.Release|Any CPU.ActiveCfg = Release|Any CPU
		{92A9E20A-B25F-4A08-B168-39B0F10C3953}.Release|Any CPU.Build.0 = Release|Any CPU
		{266B3290-0A3E-4B9D-8B5A-79DD73648AA9}.Debug|Any CPU.ActiveCfg = Debug|Any CPU
		{266B3290-0A3E-4B9D-8B5A-79DD73648AA9}.Debug|Any CPU.Build.0 = Debug|Any CPU
		{266B3290-0A3E-4B9D-8B5A-79DD73648AA9}.Release|Any CPU.ActiveCfg = Release|Any CPU
		{266B3290-0A3E-4B9D-8B5A-79DD73648AA9}.Release|Any CPU.Build.0 = Release|Any CPU
		{A7CD9596-50AF-41D4-B9F2-6D87DBFF8A07}.Debug|Any CPU.ActiveCfg = Debug|Any CPU
		{A7CD9596-50AF-41D4-B9F2-6D87DBFF8A07}.Debug|Any CPU.Build.0 = Debug|Any CPU
		{A7CD9596-50AF-41D4-B9F2-6D87DBFF8A07}.Release|Any CPU.ActiveCfg = Release|Any CPU
		{A7CD9596-50AF-41D4-B9F2-6D87DBFF8A07}.Release|Any CPU.Build.0 = Release|Any CPU
		{630A540F-10D5-4A10-BC77-24A2D68BF3B8}.Debug|Any CPU.ActiveCfg = Debug|Any CPU
		{630A540F-10D5-4A10-BC77-24A2D68BF3B8}.Debug|Any CPU.Build.0 = Debug|Any CPU
		{630A540F-10D5-4A10-BC77-24A2D68BF3B8}.Release|Any CPU.ActiveCfg = Release|Any CPU
		{630A540F-10D5-4A10-BC77-24A2D68BF3B8}.Release|Any CPU.Build.0 = Release|Any CPU
		{725E61B5-7D84-444D-A030-7CD8DE2C6744}.Debug|Any CPU.ActiveCfg = Debug|Any CPU
		{725E61B5-7D84-444D-A030-7CD8DE2C6744}.Debug|Any CPU.Build.0 = Debug|Any CPU
		{725E61B5-7D84-444D-A030-7CD8DE2C6744}.Release|Any CPU.ActiveCfg = Release|Any CPU
		{725E61B5-7D84-444D-A030-7CD8DE2C6744}.Release|Any CPU.Build.0 = Release|Any CPU
		{0891A7D4-EFB7-447B-AD7B-9DCBA607FA9F}.Debug|Any CPU.ActiveCfg = Debug|Any CPU
		{0891A7D4-EFB7-447B-AD7B-9DCBA607FA9F}.Debug|Any CPU.Build.0 = Debug|Any CPU
		{0891A7D4-EFB7-447B-AD7B-9DCBA607FA9F}.Release|Any CPU.ActiveCfg = Release|Any CPU
		{0891A7D4-EFB7-447B-AD7B-9DCBA607FA9F}.Release|Any CPU.Build.0 = Release|Any CPU
		{4E76FF0F-99D1-4CD0-9DA9-958B88A38CE4}.Debug|Any CPU.ActiveCfg = Debug|Any CPU
		{4E76FF0F-99D1-4CD0-9DA9-958B88A38CE4}.Debug|Any CPU.Build.0 = Debug|Any CPU
		{4E76FF0F-99D1-4CD0-9DA9-958B88A38CE4}.Release|Any CPU.ActiveCfg = Release|Any CPU
		{4E76FF0F-99D1-4CD0-9DA9-958B88A38CE4}.Release|Any CPU.Build.0 = Release|Any CPU
		{4C3BE23A-51A3-4855-ADC5-7572A01C0CCA}.Debug|Any CPU.ActiveCfg = Debug|Any CPU
		{4C3BE23A-51A3-4855-ADC5-7572A01C0CCA}.Debug|Any CPU.Build.0 = Debug|Any CPU
		{4C3BE23A-51A3-4855-ADC5-7572A01C0CCA}.Release|Any CPU.ActiveCfg = Release|Any CPU
		{4C3BE23A-51A3-4855-ADC5-7572A01C0CCA}.Release|Any CPU.Build.0 = Release|Any CPU
		{62A193FC-4A30-4B12-B987-FD78E442B27D}.Debug|Any CPU.ActiveCfg = Debug|Any CPU
		{62A193FC-4A30-4B12-B987-FD78E442B27D}.Debug|Any CPU.Build.0 = Debug|Any CPU
		{62A193FC-4A30-4B12-B987-FD78E442B27D}.Release|Any CPU.ActiveCfg = Release|Any CPU
		{62A193FC-4A30-4B12-B987-FD78E442B27D}.Release|Any CPU.Build.0 = Release|Any CPU
		{80337D05-6830-46C0-9BDF-31335C6EB1E4}.Debug|Any CPU.ActiveCfg = Debug|Any CPU
		{80337D05-6830-46C0-9BDF-31335C6EB1E4}.Debug|Any CPU.Build.0 = Debug|Any CPU
		{80337D05-6830-46C0-9BDF-31335C6EB1E4}.Release|Any CPU.ActiveCfg = Release|Any CPU
		{80337D05-6830-46C0-9BDF-31335C6EB1E4}.Release|Any CPU.Build.0 = Release|Any CPU
	EndGlobalSection
	GlobalSection(SolutionProperties) = preSolution
		HideSolutionNode = FALSE
	EndGlobalSection
	GlobalSection(NestedProjects) = preSolution
		{96BAA8CB-9D08-4851-B15B-F5FE20684113} = {25C5254A-652E-41E8-99BE-E986AB70B70D}
		{C21CEA7E-DA1F-4A77-9164-82D3881E3A54} = {25C5254A-652E-41E8-99BE-E986AB70B70D}
		{D4DE2D0B-6045-4A16-87B4-E963372135C4} = {C21CEA7E-DA1F-4A77-9164-82D3881E3A54}
		{64DDB82A-700C-4397-93EE-18811B07AD8F} = {C21CEA7E-DA1F-4A77-9164-82D3881E3A54}
		{F9DAF14F-03B6-4A13-B3B8-48CF41CA3FD8} = {96BAA8CB-9D08-4851-B15B-F5FE20684113}
		{F7BE643A-5AE6-4569-ADE7-2636188CC0DF} = {96BAA8CB-9D08-4851-B15B-F5FE20684113}
		{EE1A8635-156E-4810-A6BA-1B5E3E0A95EF} = {96BAA8CB-9D08-4851-B15B-F5FE20684113}
		{9B55C709-E359-492F-BD2A-B766974D11A8} = {96BAA8CB-9D08-4851-B15B-F5FE20684113}
		{E9FDD91C-74CA-4760-A2BD-F2910167E186} = {F9DAF14F-03B6-4A13-B3B8-48CF41CA3FD8}
		{1F44F1CF-3352-4261-8A95-D96144638169} = {EE1A8635-156E-4810-A6BA-1B5E3E0A95EF}
		{68AEC95E-C1B4-4378-B4BC-D76F51ADAADA} = {D4DE2D0B-6045-4A16-87B4-E963372135C4}
		{5CF4832F-327C-400D-8AC7-5B2109FB3A85} = {25C5254A-652E-41E8-99BE-E986AB70B70D}
		{FB1A5CDE-32EA-4BBE-A891-80D52D7E7ABF} = {5CF4832F-327C-400D-8AC7-5B2109FB3A85}
		{6CC0764C-FD18-473E-8661-BA5A9CCB0D1F} = {5CF4832F-327C-400D-8AC7-5B2109FB3A85}
		{E21057F1-0FA4-4853-85BB-6CDA96909347} = {5CF4832F-327C-400D-8AC7-5B2109FB3A85}
		{D8AFAAC8-D219-4AF0-BCD2-1A92C36EB6CB} = {5CF4832F-327C-400D-8AC7-5B2109FB3A85}
		{FA3409A3-F527-424E-8953-F5491FF505E6} = {FB1A5CDE-32EA-4BBE-A891-80D52D7E7ABF}
		{9FFC64D4-BDB8-462F-B7E3-9BD9AB4BD312} = {D8AFAAC8-D219-4AF0-BCD2-1A92C36EB6CB}
		{92A9E20A-B25F-4A08-B168-39B0F10C3953} = {6CC0764C-FD18-473E-8661-BA5A9CCB0D1F}
		{266B3290-0A3E-4B9D-8B5A-79DD73648AA9} = {E21057F1-0FA4-4853-85BB-6CDA96909347}
		{A7CD9596-50AF-41D4-B9F2-6D87DBFF8A07} = {64DDB82A-700C-4397-93EE-18811B07AD8F}
		{630A540F-10D5-4A10-BC77-24A2D68BF3B8} = {64DDB82A-700C-4397-93EE-18811B07AD8F}
		{725E61B5-7D84-444D-A030-7CD8DE2C6744} = {9B55C709-E359-492F-BD2A-B766974D11A8}
		{0891A7D4-EFB7-447B-AD7B-9DCBA607FA9F} = {F7BE643A-5AE6-4569-ADE7-2636188CC0DF}
		{B1A89107-82AB-4942-9348-3FD5B22A6710} = {C21CEA7E-DA1F-4A77-9164-82D3881E3A54}
		{4E76FF0F-99D1-4CD0-9DA9-958B88A38CE4} = {B1A89107-82AB-4942-9348-3FD5B22A6710}
		{4C3BE23A-51A3-4855-ADC5-7572A01C0CCA} = {B1A89107-82AB-4942-9348-3FD5B22A6710}
		{82238C85-E268-41B5-AB31-B3BB3A5B0A2A} = {C21CEA7E-DA1F-4A77-9164-82D3881E3A54}
		{62A193FC-4A30-4B12-B987-FD78E442B27D} = {82238C85-E268-41B5-AB31-B3BB3A5B0A2A}
		{80337D05-6830-46C0-9BDF-31335C6EB1E4} = {82238C85-E268-41B5-AB31-B3BB3A5B0A2A}
	EndGlobalSection
	GlobalSection(ExtensibilityGlobals) = postSolution
		SolutionGuid = {9F4C6DB4-C225-4CB9-AD5D-8AAD88D4967E}
	EndGlobalSection
EndGlobal
